
Microsoft Visual Studio Solution File, Format Version 12.00
Project("{FAE04EC0-301F-11D3-BF4B-00C04F79EFBC}") = "StorageBench", "StorageBench\StorageBench.csproj", "{128A868E-806A-4032-9BC9-9AD69EC9E7CB}"
EndProject
Global
	GlobalSection(SolutionConfigurationPlatforms) = preSolution
		Debug|Any CPU = Debug|Any CPU
		Release|Any CPU = Release|Any CPU
	EndGlobalSection
	GlobalSection(ProjectConfigurationPlatforms) = postSolution
		{128A868E-806A-4032-9BC9-9AD69EC9E7CB}.Debug|Any CPU.ActiveCfg = Debug|Any CPU
		{128A868E-806A-4032-9BC9-9AD69EC9E7CB}.Debug|Any CPU.Build.0 = Debug|Any CPU
		{128A868E-806A-4032-9BC9-9AD69EC9E7CB}.Release|Any CPU.ActiveCfg = Release|Any CPU
		{128A868E-806A-4032-9BC9-9AD69EC9E7CB}.Release|Any CPU.Build.0 = Release|Any CPU
	EndGlobalSection
EndGlobal
